// !$*UTF8*$!
{
	archiveVersion = 1;
	classes = {
	};
	objectVersion = 55;
	objects = {

/* Begin PBXBuildFile section */
		EF1087AC28534E3700322DB6 /* CustomFont.swift in Sources */ = {isa = PBXBuildFile; fileRef = EF1087AB28534E3700322DB6 /* CustomFont.swift */; };
		EF1087AF28536EE800322DB6 /* SignInView.swift in Sources */ = {isa = PBXBuildFile; fileRef = EF1087AE28536EE800322DB6 /* SignInView.swift */; };
		EF1087B128538F2700322DB6 /* CustomTextField.swift in Sources */ = {isa = PBXBuildFile; fileRef = EF1087B028538F2700322DB6 /* CustomTextField.swift */; };
		EFC53A2C28587C5200CC55C9 /* CornerRadius.swift in Sources */ = {isa = PBXBuildFile; fileRef = EFC53A2B28587C5200CC55C9 /* CornerRadius.swift */; };
		EFC53A2E285887EE00CC55C9 /* Extensions.swift in Sources */ = {isa = PBXBuildFile; fileRef = EFC53A2D285887EE00CC55C9 /* Extensions.swift */; };
		EFE63365285209F90075C55B /* RiveAnimationsApp.swift in Sources */ = {isa = PBXBuildFile; fileRef = EFE63364285209F90075C55B /* RiveAnimationsApp.swift */; };
		EFE63367285209F90075C55B /* ContentView.swift in Sources */ = {isa = PBXBuildFile; fileRef = EFE63366285209F90075C55B /* ContentView.swift */; };
		EFE63369285209FA0075C55B /* Assets.xcassets in Resources */ = {isa = PBXBuildFile; fileRef = EFE63368285209FA0075C55B /* Assets.xcassets */; };
		EFE6336C285209FA0075C55B /* Preview Assets.xcassets in Resources */ = {isa = PBXBuildFile; fileRef = EFE6336B285209FA0075C55B /* Preview Assets.xcassets */; };
		EFE6337A28520B980075C55B /* house.riv in Resources */ = {isa = PBXBuildFile; fileRef = EFE6337328520B980075C55B /* house.riv */; };
		EFE6337B28520B980075C55B /* confetti.riv in Resources */ = {isa = PBXBuildFile; fileRef = EFE6337428520B980075C55B /* confetti.riv */; };
		EFE6337C28520B980075C55B /* check.riv in Resources */ = {isa = PBXBuildFile; fileRef = EFE6337528520B980075C55B /* check.riv */; };
		EFE6337D28520B980075C55B /* menu_button.riv in Resources */ = {isa = PBXBuildFile; fileRef = EFE6337628520B980075C55B /* menu_button.riv */; };
		EFE6337E28520B980075C55B /* shapes.riv in Resources */ = {isa = PBXBuildFile; fileRef = EFE6337728520B980075C55B /* shapes.riv */; };
		EFE6337F28520B980075C55B /* button.riv in Resources */ = {isa = PBXBuildFile; fileRef = EFE6337828520B980075C55B /* button.riv */; };
		EFE6338028520B980075C55B /* icons.riv in Resources */ = {isa = PBXBuildFile; fileRef = EFE6337928520B980075C55B /* icons.riv */; };
		EFE633822852114F0075C55B /* OnboardingView.swift in Sources */ = {isa = PBXBuildFile; fileRef = EFE633812852114F0075C55B /* OnboardingView.swift */; };
		EFE63385285211A60075C55B /* RiveRuntime in Frameworks */ = {isa = PBXBuildFile; productRef = EFE63384285211A60075C55B /* RiveRuntime */; };
		EFE6338A28521E110075C55B /* Poppins-Bold.ttf in Resources */ = {isa = PBXBuildFile; fileRef = EFE6338728521E100075C55B /* Poppins-Bold.ttf */; };
		EFE6338B28521E110075C55B /* Inter-SemiBold.ttf in Resources */ = {isa = PBXBuildFile; fileRef = EFE6338828521E100075C55B /* Inter-SemiBold.ttf */; };
		EFE6338C28521E110075C55B /* Inter-Regular.ttf in Resources */ = {isa = PBXBuildFile; fileRef = EFE6338928521E110075C55B /* Inter-Regular.ttf */; };
/* End PBXBuildFile section */

/* Begin PBXFileReference section */
		EF1087AB28534E3700322DB6 /* CustomFont.swift */ = {isa = PBXFileReference; lastKnownFileType = sourcecode.swift; path = CustomFont.swift; sourceTree = "<group>"; };
		EF1087AE28536EE800322DB6 /* SignInView.swift */ = {isa = PBXFileReference; lastKnownFileType = sourcecode.swift; path = SignInView.swift; sourceTree = "<group>"; };
		EF1087B028538F2700322DB6 /* CustomTextField.swift */ = {isa = PBXFileReference; lastKnownFileType = sourcecode.swift; path = CustomTextField.swift; sourceTree = "<group>"; };
		EFC53A2B28587C5200CC55C9 /* CornerRadius.swift */ = {isa = PBXFileReference; lastKnownFileType = sourcecode.swift; path = CornerRadius.swift; sourceTree = "<group>"; };
		EFC53A2D285887EE00CC55C9 /* Extensions.swift */ = {isa = PBXFileReference; lastKnownFileType = sourcecode.swift; path = Extensions.swift; sourceTree = "<group>"; };
		EFE63361285209F90075C55B /* RiveAnimations.app */ = {isa = PBXFileReference; explicitFileType = wrapper.application; includeInIndex = 0; path = RiveAnimations.app; sourceTree = BUILT_PRODUCTS_DIR; };
		EFE63364285209F90075C55B /* RiveAnimationsApp.swift */ = {isa = PBXFileReference; lastKnownFileType = sourcecode.swift; path = RiveAnimationsApp.swift; sourceTree = "<group>"; };
		EFE63366285209F90075C55B /* ContentView.swift */ = {isa = PBXFileReference; lastKnownFileType = sourcecode.swift; path = ContentView.swift; sourceTree = "<group>"; };
		EFE63368285209FA0075C55B /* Assets.xcassets */ = {isa = PBXFileReference; lastKnownFileType = folder.assetcatalog; path = Assets.xcassets; sourceTree = "<group>"; };
		EFE6336B285209FA0075C55B /* Preview Assets.xcassets */ = {isa = PBXFileReference; lastKnownFileType = folder.assetcatalog; path = "Preview Assets.xcassets"; sourceTree = "<group>"; };
		EFE6337328520B980075C55B /* house.riv */ = {isa = PBXFileReference; lastKnownFileType = file; path = house.riv; sourceTree = "<group>"; };
		EFE6337428520B980075C55B /* confetti.riv */ = {isa = PBXFileReference; lastKnownFileType = file; path = confetti.riv; sourceTree = "<group>"; };
		EFE6337528520B980075C55B /* check.riv */ = {isa = PBXFileReference; lastKnownFileType = file; path = check.riv; sourceTree = "<group>"; };
		EFE6337628520B980075C55B /* menu_button.riv */ = {isa = PBXFileReference; lastKnownFileType = file; path = menu_button.riv; sourceTree = "<group>"; };
		EFE6337728520B980075C55B /* shapes.riv */ = {isa = PBXFileReference; lastKnownFileType = file; path = shapes.riv; sourceTree = "<group>"; };
		EFE6337828520B980075C55B /* button.riv */ = {isa = PBXFileReference; lastKnownFileType = file; path = button.riv; sourceTree = "<group>"; };
		EFE6337928520B980075C55B /* icons.riv */ = {isa = PBXFileReference; lastKnownFileType = file; path = icons.riv; sourceTree = "<group>"; };
		EFE633812852114F0075C55B /* OnboardingView.swift */ = {isa = PBXFileReference; lastKnownFileType = sourcecode.swift; path = OnboardingView.swift; sourceTree = "<group>"; };
		EFE6338728521E100075C55B /* Poppins-Bold.ttf */ = {isa = PBXFileReference; lastKnownFileType = file; path = "Poppins-Bold.ttf"; sourceTree = "<group>"; };
		EFE6338828521E100075C55B /* Inter-SemiBold.ttf */ = {isa = PBXFileReference; lastKnownFileType = file; path = "Inter-SemiBold.ttf"; sourceTree = "<group>"; };
		EFE6338928521E110075C55B /* Inter-Regular.ttf */ = {isa = PBXFileReference; lastKnownFileType = file; path = "Inter-Regular.ttf"; sourceTree = "<group>"; };
		EFE6338D28521EC50075C55B /* Info.plist */ = {isa = PBXFileReference; lastKnownFileType = text.plist; path = Info.plist; sourceTree = "<group>"; };
/* End PBXFileReference section */

/* Begin PBXFrameworksBuildPhase section */
		EFE6335E285209F90075C55B /* Frameworks */ = {
			isa = PBXFrameworksBuildPhase;
			buildActionMask = 2147483647;
			files = (
				EFE63385285211A60075C55B /* RiveRuntime in Frameworks */,
			);
			runOnlyForDeploymentPostprocessing = 0;
		};
/* End PBXFrameworksBuildPhase section */

/* Begin PBXGroup section */
		EF1087AD28536ECF00322DB6 /* Views */ = {
			isa = PBXGroup;
			children = (
				EFE633812852114F0075C55B /* OnboardingView.swift */,
				EF1087AE28536EE800322DB6 /* SignInView.swift */,
			);
			path = Views;
			sourceTree = "<group>";
		};
		EFC53A2A28587A1300CC55C9 /* Helpers */ = {
			isa = PBXGroup;
			children = (
				EF1087B028538F2700322DB6 /* CustomTextField.swift */,
				EF1087AB28534E3700322DB6 /* CustomFont.swift */,
				EFC53A2B28587C5200CC55C9 /* CornerRadius.swift */,
				EFC53A2D285887EE00CC55C9 /* Extensions.swift */,
			);
			path = Helpers;
			sourceTree = "<group>";
		};
		EFE63358285209F90075C55B = {
			isa = PBXGroup;
			children = (
				EFE63363285209F90075C55B /* RiveAnimations */,
				EFE63362285209F90075C55B /* Products */,
			);
			sourceTree = "<group>";
		};
		EFE63362285209F90075C55B /* Products */ = {
			isa = PBXGroup;
			children = (
				EFE63361285209F90075C55B /* RiveAnimations.app */,
			);
			name = Products;
			sourceTree = "<group>";
		};
		EFE63363285209F90075C55B /* RiveAnimations */ = {
			isa = PBXGroup;
			children = (
				EFE6338D28521EC50075C55B /* Info.plist */,
				EFE6338628521DDF0075C55B /* Fonts */,
				EFE63364285209F90075C55B /* RiveAnimationsApp.swift */,
				EFE63366285209F90075C55B /* ContentView.swift */,
				EFC53A2A28587A1300CC55C9 /* Helpers */,
				EF1087AD28536ECF00322DB6 /* Views */,
				EFE63368285209FA0075C55B /* Assets.xcassets */,
				EFE6337228520B980075C55B /* RiveAssets */,
				EFE6336A285209FA0075C55B /* Preview Content */,
			);
			path = RiveAnimations;
			sourceTree = "<group>";
		};
		EFE6336A285209FA0075C55B /* Preview Content */ = {
			isa = PBXGroup;
			children = (
				EFE6336B285209FA0075C55B /* Preview Assets.xcassets */,
			);
			path = "Preview Content";
			sourceTree = "<group>";
		};
		EFE6337228520B980075C55B /* RiveAssets */ = {
			isa = PBXGroup;
			children = (
				EFE6337328520B980075C55B /* house.riv */,
				EFE6337428520B980075C55B /* confetti.riv */,
				EFE6337528520B980075C55B /* check.riv */,
				EFE6337628520B980075C55B /* menu_button.riv */,
				EFE6337728520B980075C55B /* shapes.riv */,
				EFE6337828520B980075C55B /* button.riv */,
				EFE6337928520B980075C55B /* icons.riv */,
			);
			path = RiveAssets;
			sourceTree = "<group>";
		};
		EFE6338628521DDF0075C55B /* Fonts */ = {
			isa = PBXGroup;
			children = (
				EFE6338928521E110075C55B /* Inter-Regular.ttf */,
				EFE6338828521E100075C55B /* Inter-SemiBold.ttf */,
				EFE6338728521E100075C55B /* Poppins-Bold.ttf */,
			);
			path = Fonts;
			sourceTree = "<group>";
		};
/* End PBXGroup section */

/* Begin PBXNativeTarget section */
		EFE63360285209F90075C55B /* RiveAnimations */ = {
			isa = PBXNativeTarget;
			buildConfigurationList = EFE6336F285209FA0075C55B /* Build configuration list for PBXNativeTarget "RiveAnimations" */;
			buildPhases = (
				EFE6335D285209F90075C55B /* Sources */,
				EFE6335E285209F90075C55B /* Frameworks */,
				EFE6335F285209F90075C55B /* Resources */,
			);
			buildRules = (
			);
			dependencies = (
			);
			name = RiveAnimations;
			packageProductDependencies = (
				EFE63384285211A60075C55B /* RiveRuntime */,
			);
			productName = RiveAnimations;
			productReference = EFE63361285209F90075C55B /* RiveAnimations.app */;
			productType = "com.apple.product-type.application";
		};
/* End PBXNativeTarget section */

/* Begin PBXProject section */
		EFE63359285209F90075C55B /* Project object */ = {
			isa = PBXProject;
			attributes = {
				BuildIndependentTargetsInParallel = 1;
				LastSwiftUpdateCheck = 1340;
				LastUpgradeCheck = 1340;
				TargetAttributes = {
					EFE63360285209F90075C55B = {
						CreatedOnToolsVersion = 13.4.1;
					};
				};
			};
			buildConfigurationList = EFE6335C285209F90075C55B /* Build configuration list for PBXProject "RiveAnimations" */;
			compatibilityVersion = "Xcode 13.0";
			developmentRegion = en;
			hasScannedForEncodings = 0;
			knownRegions = (
				en,
				Base,
			);
			mainGroup = EFE63358285209F90075C55B;
			packageReferences = (
				EFE63383285211A60075C55B /* XCRemoteSwiftPackageReference "rive-ios" */,
			);
			productRefGroup = EFE63362285209F90075C55B /* Products */;
			projectDirPath = "";
			projectRoot = "";
			targets = (
				EFE63360285209F90075C55B /* RiveAnimations */,
			);
		};
/* End PBXProject section */

/* Begin PBXResourcesBuildPhase section */
		EFE6335F285209F90075C55B /* Resources */ = {
			isa = PBXResourcesBuildPhase;
			buildActionMask = 2147483647;
			files = (
				EFE6337E28520B980075C55B /* shapes.riv in Resources */,
				EFE6337C28520B980075C55B /* check.riv in Resources */,
				EFE6336C285209FA0075C55B /* Preview Assets.xcassets in Resources */,
				EFE6338B28521E110075C55B /* Inter-SemiBold.ttf in Resources */,
				EFE6337D28520B980075C55B /* menu_button.riv in Resources */,
				EFE6337A28520B980075C55B /* house.riv in Resources */,
				EFE6337F28520B980075C55B /* button.riv in Resources */,
				EFE63369285209FA0075C55B /* Assets.xcassets in Resources */,
				EFE6338A28521E110075C55B /* Poppins-Bold.ttf in Resources */,
				EFE6337B28520B980075C55B /* confetti.riv in Resources */,
				EFE6338C28521E110075C55B /* Inter-Regular.ttf in Resources */,
				EFE6338028520B980075C55B /* icons.riv in Resources */,
			);
			runOnlyForDeploymentPostprocessing = 0;
		};
/* End PBXResourcesBuildPhase section */

/* Begin PBXSourcesBuildPhase section */
		EFE6335D285209F90075C55B /* Sources */ = {
			isa = PBXSourcesBuildPhase;
			buildActionMask = 2147483647;
			files = (
				EFE633822852114F0075C55B /* OnboardingView.swift in Sources */,
				EF1087AC28534E3700322DB6 /* CustomFont.swift in Sources */,
				EF1087B128538F2700322DB6 /* CustomTextField.swift in Sources */,
				EFC53A2E285887EE00CC55C9 /* Extensions.swift in Sources */,
				EFE63367285209F90075C55B /* ContentView.swift in Sources */,
				EFE63365285209F90075C55B /* RiveAnimationsApp.swift in Sources */,
				EFC53A2C28587C5200CC55C9 /* CornerRadius.swift in Sources */,
				EF1087AF28536EE800322DB6 /* SignInView.swift in Sources */,
			);
			runOnlyForDeploymentPostprocessing = 0;
		};
/* End PBXSourcesBuildPhase section */

/* Begin XCBuildConfiguration section */
		EFE6336D285209FA0075C55B /* Debug */ = {
			isa = XCBuildConfiguration;
			buildSettings = {
				ALWAYS_SEARCH_USER_PATHS = NO;
				CLANG_ANALYZER_NONNULL = YES;
				CLANG_ANALYZER_NUMBER_OBJECT_CONVERSION = YES_AGGRESSIVE;
				CLANG_CXX_LANGUAGE_STANDARD = "gnu++17";
				CLANG_ENABLE_MODULES = YES;
				CLANG_ENABLE_OBJC_ARC = YES;
				CLANG_ENABLE_OBJC_WEAK = YES;
				CLANG_WARN_BLOCK_CAPTURE_AUTORELEASING = YES;
				CLANG_WARN_BOOL_CONVERSION = YES;
				CLANG_WARN_COMMA = YES;
				CLANG_WARN_CONSTANT_CONVERSION = YES;
				CLANG_WARN_DEPRECATED_OBJC_IMPLEMENTATIONS = YES;
				CLANG_WARN_DIRECT_OBJC_ISA_USAGE = YES_ERROR;
				CLANG_WARN_DOCUMENTATION_COMMENTS = YES;
				CLANG_WARN_EMPTY_BODY = YES;
				CLANG_WARN_ENUM_CONVERSION = YES;
				CLANG_WARN_INFINITE_RECURSION = YES;
				CLANG_WARN_INT_CONVERSION = YES;
				CLANG_WARN_NON_LITERAL_NULL_CONVERSION = YES;
				CLANG_WARN_OBJC_IMPLICIT_RETAIN_SELF = YES;
				CLANG_WARN_OBJC_LITERAL_CONVERSION = YES;
				CLANG_WARN_OBJC_ROOT_CLASS = YES_ERROR;
				CLANG_WARN_QUOTED_INCLUDE_IN_FRAMEWORK_HEADER = YES;
				CLANG_WARN_RANGE_LOOP_ANALYSIS = YES;
				CLANG_WARN_STRICT_PROTOTYPES = YES;
				CLANG_WARN_SUSPICIOUS_MOVE = YES;
				CLANG_WARN_UNGUARDED_AVAILABILITY = YES_AGGRESSIVE;
				CLANG_WARN_UNREACHABLE_CODE = YES;
				CLANG_WARN__DUPLICATE_METHOD_MATCH = YES;
				COPY_PHASE_STRIP = NO;
				DEBUG_INFORMATION_FORMAT = dwarf;
				ENABLE_STRICT_OBJC_MSGSEND = YES;
				ENABLE_TESTABILITY = YES;
				GCC_C_LANGUAGE_STANDARD = gnu11;
				GCC_DYNAMIC_NO_PIC = NO;
				GCC_NO_COMMON_BLOCKS = YES;
				GCC_OPTIMIZATION_LEVEL = 0;
				GCC_PREPROCESSOR_DEFINITIONS = (
					"DEBUG=1",
					"$(inherited)",
				);
				GCC_WARN_64_TO_32_BIT_CONVERSION = YES;
				GCC_WARN_ABOUT_RETURN_TYPE = YES_ERROR;
				GCC_WARN_UNDECLARED_SELECTOR = YES;
				GCC_WARN_UNINITIALIZED_AUTOS = YES_AGGRESSIVE;
				GCC_WARN_UNUSED_FUNCTION = YES;
				GCC_WARN_UNUSED_VARIABLE = YES;
				IPHONEOS_DEPLOYMENT_TARGET = 15.5;
				MTL_ENABLE_DEBUG_INFO = INCLUDE_SOURCE;
				MTL_FAST_MATH = YES;
				ONLY_ACTIVE_ARCH = YES;
				SDKROOT = iphoneos;
				SWIFT_ACTIVE_COMPILATION_CONDITIONS = DEBUG;
				SWIFT_OPTIMIZATION_LEVEL = "-Onone";
			};
			name = Debug;
		};
		EFE6336E285209FA0075C55B /* Release */ = {
			isa = XCBuildConfiguration;
			buildSettings = {
				ALWAYS_SEARCH_USER_PATHS = NO;
				CLANG_ANALYZER_NONNULL = YES;
				CLANG_ANALYZER_NUMBER_OBJECT_CONVERSION = YES_AGGRESSIVE;
				CLANG_CXX_LANGUAGE_STANDARD = "gnu++17";
				CLANG_ENABLE_MODULES = YES;
				CLANG_ENABLE_OBJC_ARC = YES;
				CLANG_ENABLE_OBJC_WEAK = YES;
				CLANG_WARN_BLOCK_CAPTURE_AUTORELEASING = YES;
				CLANG_WARN_BOOL_CONVERSION = YES;
				CLANG_WARN_COMMA = YES;
				CLANG_WARN_CONSTANT_CONVERSION = YES;
				CLANG_WARN_DEPRECATED_OBJC_IMPLEMENTATIONS = YES;
				CLANG_WARN_DIRECT_OBJC_ISA_USAGE = YES_ERROR;
				CLANG_WARN_DOCUMENTATION_COMMENTS = YES;
				CLANG_WARN_EMPTY_BODY = YES;
				CLANG_WARN_ENUM_CONVERSION = YES;
				CLANG_WARN_INFINITE_RECURSION = YES;
				CLANG_WARN_INT_CONVERSION = YES;
				CLANG_WARN_NON_LITERAL_NULL_CONVERSION = YES;
				CLANG_WARN_OBJC_IMPLICIT_RETAIN_SELF = YES;
				CLANG_WARN_OBJC_LITERAL_CONVERSION = YES;
				CLANG_WARN_OBJC_ROOT_CLASS = YES_ERROR;
				CLANG_WARN_QUOTED_INCLUDE_IN_FRAMEWORK_HEADER = YES;
				CLANG_WARN_RANGE_LOOP_ANALYSIS = YES;
				CLANG_WARN_STRICT_PROTOTYPES = YES;
				CLANG_WARN_SUSPICIOUS_MOVE = YES;
				CLANG_WARN_UNGUARDED_AVAILABILITY = YES_AGGRESSIVE;
				CLANG_WARN_UNREACHABLE_CODE = YES;
				CLANG_WARN__DUPLICATE_METHOD_MATCH = YES;
				COPY_PHASE_STRIP = NO;
				DEBUG_INFORMATION_FORMAT = "dwarf-with-dsym";
				ENABLE_NS_ASSERTIONS = NO;
				ENABLE_STRICT_OBJC_MSGSEND = YES;
				GCC_C_LANGUAGE_STANDARD = gnu11;
				GCC_NO_COMMON_BLOCKS = YES;
				GCC_WARN_64_TO_32_BIT_CONVERSION = YES;
				GCC_WARN_ABOUT_RETURN_TYPE = YES_ERROR;
				GCC_WARN_UNDECLARED_SELECTOR = YES;
				GCC_WARN_UNINITIALIZED_AUTOS = YES_AGGRESSIVE;
				GCC_WARN_UNUSED_FUNCTION = YES;
				GCC_WARN_UNUSED_VARIABLE = YES;
				IPHONEOS_DEPLOYMENT_TARGET = 15.5;
				MTL_ENABLE_DEBUG_INFO = NO;
				MTL_FAST_MATH = YES;
				SDKROOT = iphoneos;
				SWIFT_COMPILATION_MODE = wholemodule;
				SWIFT_OPTIMIZATION_LEVEL = "-O";
				VALIDATE_PRODUCT = YES;
			};
			name = Release;
		};
		EFE63370285209FA0075C55B /* Debug */ = {
			isa = XCBuildConfiguration;
			buildSettings = {
				ASSETCATALOG_COMPILER_APPICON_NAME = AppIcon;
				ASSETCATALOG_COMPILER_GLOBAL_ACCENT_COLOR_NAME = AccentColor;
				CODE_SIGN_STYLE = Automatic;
				CURRENT_PROJECT_VERSION = 1;
				DEVELOPMENT_ASSET_PATHS = "\"RiveAnimations/Preview Content\"";
				DEVELOPMENT_TEAM = 74V9G6TS4A;
				ENABLE_PREVIEWS = YES;
				GENERATE_INFOPLIST_FILE = YES;
				INFOPLIST_FILE = RiveAnimations/Info.plist;
				INFOPLIST_KEY_UIApplicationSceneManifest_Generation = YES;
				INFOPLIST_KEY_UIApplicationSupportsIndirectInputEvents = YES;
				INFOPLIST_KEY_UILaunchScreen_Generation = YES;
				INFOPLIST_KEY_UISupportedInterfaceOrientations_iPad = "UIInterfaceOrientationPortrait UIInterfaceOrientationPortraitUpsideDown UIInterfaceOrientationLandscapeLeft UIInterfaceOrientationLandscapeRight";
				INFOPLIST_KEY_UISupportedInterfaceOrientations_iPhone = "UIInterfaceOrientationPortrait UIInterfaceOrientationLandscapeLeft UIInterfaceOrientationLandscapeRight";
				LD_RUNPATH_SEARCH_PATHS = (
					"$(inherited)",
					"@executable_path/Frameworks",
				);
				MARKETING_VERSION = 1.0;
				PRODUCT_BUNDLE_IDENTIFIER = io.muzh.RiveAnimations;
				PRODUCT_NAME = "$(TARGET_NAME)";
				SWIFT_EMIT_LOC_STRINGS = YES;
				SWIFT_VERSION = 5.0;
				TARGETED_DEVICE_FAMILY = "1,2";
			};
			name = Debug;
		};
		EFE63371285209FA0075C55B /* Release */ = {
			isa = XCBuildConfiguration;
			buildSettings = {
				ASSETCATALOG_COMPILER_APPICON_NAME = AppIcon;
				ASSETCATALOG_COMPILER_GLOBAL_ACCENT_COLOR_NAME = AccentColor;
				CODE_SIGN_STYLE = Automatic;
				CURRENT_PROJECT_VERSION = 1;
				DEVELOPMENT_ASSET_PATHS = "\"RiveAnimations/Preview Content\"";
				DEVELOPMENT_TEAM = 74V9G6TS4A;
				ENABLE_PREVIEWS = YES;
				GENERATE_INFOPLIST_FILE = YES;
				INFOPLIST_FILE = RiveAnimations/Info.plist;
				INFOPLIST_KEY_UIApplicationSceneManifest_Generation = YES;
				INFOPLIST_KEY_UIApplicationSupportsIndirectInputEvents = YES;
				INFOPLIST_KEY_UILaunchScreen_Generation = YES;
				INFOPLIST_KEY_UISupportedInterfaceOrientations_iPad = "UIInterfaceOrientationPortrait UIInterfaceOrientationPortraitUpsideDown UIInterfaceOrientationLandscapeLeft UIInterfaceOrientationLandscapeRight";
				INFOPLIST_KEY_UISupportedInterfaceOrientations_iPhone = "UIInterfaceOrientationPortrait UIInterfaceOrientationLandscapeLeft UIInterfaceOrientationLandscapeRight";
				LD_RUNPATH_SEARCH_PATHS = (
					"$(inherited)",
					"@executable_path/Frameworks",
				);
				MARKETING_VERSION = 1.0;
				PRODUCT_BUNDLE_IDENTIFIER = io.muzh.RiveAnimations;
				PRODUCT_NAME = "$(TARGET_NAME)";
				SWIFT_EMIT_LOC_STRINGS = YES;
				SWIFT_VERSION = 5.0;
				TARGETED_DEVICE_FAMILY = "1,2";
			};
			name = Release;
		};
/* End XCBuildConfiguration section */

/* Begin XCConfigurationList section */
		EFE6335C285209F90075C55B /* Build configuration list for PBXProject "RiveAnimations" */ = {
			isa = XCConfigurationList;
			buildConfigurations = (
				EFE6336D285209FA0075C55B /* Debug */,
				EFE6336E285209FA0075C55B /* Release */,
			);
			defaultConfigurationIsVisible = 0;
			defaultConfigurationName = Release;
		};
		EFE6336F285209FA0075C55B /* Build configuration list for PBXNativeTarget "RiveAnimations" */ = {
			isa = XCConfigurationList;
			buildConfigurations = (
				EFE63370285209FA0075C55B /* Debug */,
				EFE63371285209FA0075C55B /* Release */,
			);
			defaultConfigurationIsVisible = 0;
			defaultConfigurationName = Release;
		};
/* End XCConfigurationList section */

/* Begin XCRemoteSwiftPackageReference section */
		EFE63383285211A60075C55B /* XCRemoteSwiftPackageReference "rive-ios" */ = {
			isa = XCRemoteSwiftPackageReference;
			repositoryURL = "https://github.com/rive-app/rive-ios";
			requirement = {
				kind = upToNextMajorVersion;
				minimumVersion = 2.0.0;
			};
		};
/* End XCRemoteSwiftPackageReference section */

/* Begin XCSwiftPackageProductDependency section */
		EFE63384285211A60075C55B /* RiveRuntime */ = {
			isa = XCSwiftPackageProductDependency;
			package = EFE63383285211A60075C55B /* XCRemoteSwiftPackageReference "rive-ios" */;
			productName = RiveRuntime;
		};
/* End XCSwiftPackageProductDependency section */
	};
	rootObject = EFE63359285209F90075C55B /* Project object */;
}
